
Microsoft Visual Studio Solution File, Format Version 12.00
# Visual Studio Version 17
VisualStudioVersion = 17.7.34221.43
MinimumVisualStudioVersion = 10.0.40219.1
Project("{FAE04EC0-301F-11D3-BF4B-00C04F79EFBC}") = "MySharedLibrary", "MySharedLibrary\MySharedLibrary.csproj", "{0E5EFEAC-17AE-404C-AC9E-A51775F4D077}"
EndProject
Project("{FAE04EC0-301F-11D3-BF4B-00C04F79EFBC}") = "MainApp", "MainApp\MainApp.csproj", "{34FF7745-B406-45D6-BC63-CD1DC8EA3DB2}"
EndProject
Global
	GlobalSection(SolutionConfigurationPlatforms) = preSolution
		Debug|Any CPU = Debug|Any CPU
		Release|Any CPU = Release|Any CPU
	EndGlobalSection
	GlobalSection(ProjectConfigurationPlatforms) = postSolution
		{0E5EFEAC-17AE-404C-AC9E-A51775F4D077}.Debug|Any CPU.ActiveCfg = Debug|Any CPU
		{0E5EFEAC-17AE-404C-AC9E-A51775F4D077}.Debug|Any CPU.Build.0 = Debug|Any CPU
		{0E5EFEAC-17AE-404C-AC9E-A51775F4D077}.Release|Any CPU.ActiveCfg = Release|Any CPU
		{0E5EFEAC-17AE-404C-AC9E-A51775F4D077}.Release|Any CPU.Build.0 = Release|Any CPU
		{34FF7745-B406-45D6-BC63-CD1DC8EA3DB2}.Debug|Any CPU.ActiveCfg = Debug|Any CPU
		{34FF7745-B406-45D6-BC63-CD1DC8EA3DB2}.Debug|Any CPU.Build.0 = Debug|Any CPU
		{34FF7745-B406-45D6-BC63-CD1DC8EA3DB2}.Release|Any CPU.ActiveCfg = Release|Any CPU
		{34FF7745-B406-45D6-BC63-CD1DC8EA3DB2}.Release|Any CPU.Build.0 = Release|Any CPU
	EndGlobalSection
	GlobalSection(SolutionProperties) = preSolution
		HideSolutionNode = FALSE
	EndGlobalSection
	GlobalSection(ExtensibilityGlobals) = postSolution
		SolutionGuid = {12F2056A-F603-4D29-A536-EBD966CE467D}
	EndGlobalSection
EndGlobal
